
Microsoft Visual Studio Solution File, Format Version 12.00
# Visual Studio Version 16
VisualStudioVersion = 16.0.810.16
MinimumVisualStudioVersion = 10.0.40219.1
Project("{FAE04EC0-301F-11D3-BF4B-00C04F79EFBC}") = "Deliverable1", "Deliverable1\Deliverable1.csproj", "{445DE55B-E4B8-4D94-AEA6-3318909F5686}"
EndProject
Global
	GlobalSection(SolutionConfigurationPlatforms) = preSolution
		Debug|Any CPU = Debug|Any CPU
		Release|Any CPU = Release|Any CPU
	EndGlobalSection
	GlobalSection(ProjectConfigurationPlatforms) = postSolution
		{445DE55B-E4B8-4D94-AEA6-3318909F5686}.Debug|Any CPU.ActiveCfg = Debug|Any CPU
		{445DE55B-E4B8-4D94-AEA6-3318909F5686}.Debug|Any CPU.Build.0 = Debug|Any CPU
		{445DE55B-E4B8-4D94-AEA6-3318909F5686}.Release|Any CPU.ActiveCfg = Release|Any CPU
		{445DE55B-E4B8-4D94-AEA6-3318909F5686}.Release|Any CPU.Build.0 = Release|Any CPU
	EndGlobalSection
	GlobalSection(SolutionProperties) = preSolution
		HideSolutionNode = FALSE
	EndGlobalSection
	GlobalSection(ExtensibilityGlobals) = postSolution
		SolutionGuid = {76E709B3-08D3-42C3-A16A-4FC59D2A1113}
	EndGlobalSection
EndGlobal
